
Microsoft Visual Studio Solution File, Format Version 12.00
# Visual Studio Version 17
VisualStudioVersion = 17.6.33829.357
MinimumVisualStudioVersion = 10.0.40219.1
Project("{FAE04EC0-301F-11D3-BF4B-00C04F79EFBC}") = "Desafio.HomeBrokerB4.Application", "Desafio.HomeBrokerB4.Application\Desafio.HomeBrokerB4.Application.csproj", "{79CEA722-23C6-45BD-9AAF-6B4B517941FA}"
EndProject
Project("{FAE04EC0-301F-11D3-BF4B-00C04F79EFBC}") = "Desafio.HomeBrokerB4.Domain", "Desafio.HomeBrokerB4.Domain\Desafio.HomeBrokerB4.Domain.csproj", "{A1EAF0C8-AC30-47DC-9D80-D9E144723FD4}"
EndProject
Project("{FAE04EC0-301F-11D3-BF4B-00C04F79EFBC}") = "Desafio.HomeBrokerB4.Infra", "Desafio.HomeBrokerB4.Infra\Desafio.HomeBrokerB4.Infra.csproj", "{E9FC1F07-9DD4-4E5B-8B45-CC65DE4C2CC2}"
EndProject
Project("{FAE04EC0-301F-11D3-BF4B-00C04F79EFBC}") = "Desafio.HomeBrokerB4.Api", "Desafio.HomeBrokerB4.Api\Desafio.HomeBrokerB4.Api.csproj", "{14BA81BB-D755-4DF7-A12F-2C2D3A3F4420}"
EndProject
Global
	GlobalSection(SolutionConfigurationPlatforms) = preSolution
		Debug|Any CPU = Debug|Any CPU
		Release|Any CPU = Release|Any CPU
	EndGlobalSection
	GlobalSection(ProjectConfigurationPlatforms) = postSolution
		{79CEA722-23C6-45BD-9AAF-6B4B517941FA}.Debug|Any CPU.ActiveCfg = Debug|Any CPU
		{79CEA722-23C6-45BD-9AAF-6B4B517941FA}.Debug|Any CPU.Build.0 = Debug|Any CPU
		{79CEA722-23C6-45BD-9AAF-6B4B517941FA}.Release|Any CPU.ActiveCfg = Release|Any CPU
		{79CEA722-23C6-45BD-9AAF-6B4B517941FA}.Release|Any CPU.Build.0 = Release|Any CPU
		{A1EAF0C8-AC30-47DC-9D80-D9E144723FD4}.Debug|Any CPU.ActiveCfg = Debug|Any CPU
		{A1EAF0C8-AC30-47DC-9D80-D9E144723FD4}.Debug|Any CPU.Build.0 = Debug|Any CPU
		{A1EAF0C8-AC30-47DC-9D80-D9E144723FD4}.Release|Any CPU.ActiveCfg = Release|Any CPU
		{A1EAF0C8-AC30-47DC-9D80-D9E144723FD4}.Release|Any CPU.Build.0 = Release|Any CPU
		{E9FC1F07-9DD4-4E5B-8B45-CC65DE4C2CC2}.Debug|Any CPU.ActiveCfg = Debug|Any CPU
		{E9FC1F07-9DD4-4E5B-8B45-CC65DE4C2CC2}.Debug|Any CPU.Build.0 = Debug|Any CPU
		{E9FC1F07-9DD4-4E5B-8B45-CC65DE4C2CC2}.Release|Any CPU.ActiveCfg = Release|Any CPU
		{E9FC1F07-9DD4-4E5B-8B45-CC65DE4C2CC2}.Release|Any CPU.Build.0 = Release|Any CPU
		{14BA81BB-D755-4DF7-A12F-2C2D3A3F4420}.Debug|Any CPU.ActiveCfg = Debug|Any CPU
		{14BA81BB-D755-4DF7-A12F-2C2D3A3F4420}.Debug|Any CPU.Build.0 = Debug|Any CPU
		{14BA81BB-D755-4DF7-A12F-2C2D3A3F4420}.Release|Any CPU.ActiveCfg = Release|Any CPU
		{14BA81BB-D755-4DF7-A12F-2C2D3A3F4420}.Release|Any CPU.Build.0 = Release|Any CPU
	EndGlobalSection
	GlobalSection(SolutionProperties) = preSolution
		HideSolutionNode = FALSE
	EndGlobalSection
	GlobalSection(ExtensibilityGlobals) = postSolution
		SolutionGuid = {A67F99D5-D72B-4E9B-8DCD-0382BB3E39D9}
	EndGlobalSection
EndGlobal
